{
  "name": "MUSIC-PRO",
  "version": "1.0.0",
  "lockfileVersion": 1,
  "requires": true,
  "dependencies": {
    "@discordjs/collection": {
      "version": "0.1.6",
      "resolved": "https://registry.npmjs.org/@discordjs/collection/-/collection-0.1.6.tgz",
      "integrity": "sha512-utRNxnd9kSS2qhyivo9lMlt5qgAUasH2gb7BEOn6p0efFh24gjGomHzWKMAPn2hEReOPQZCJaRKoURwRotKucQ=="
    },
    "@discordjs/form-data": {
      "version": "3.0.1",
      "resolved": "https://registry.npmjs.org/@discordjs/form-data/-/form-data-3.0.1.tgz",
      "integrity": "sha512-ZfFsbgEXW71Rw/6EtBdrP5VxBJy4dthyC0tpQKGKmYFImlmmrykO14Za+BiIVduwjte0jXEBlhSKf0MWbFp9Eg==",
      "requires": {
        "asynckit": "^0.4.0",
        "combined-stream": "^1.0.8",
        "mime-types": "^2.1.12"
      }
    },
    "@tetracyl/erela.js": {
      "version": "1.5.1",
      "resolved": "https://registry.npmjs.org/@tetracyl/erela.js/-/erela.js-1.5.1.tgz",
      "integrity": "sha512-RW5KVhx+gTZEJ58vUjaM6GnQyECAQQfeeB9UVq1fI501PndyKHVMRKWvvi35GPGl3zUYSuTIxOaxgXQA1M8GIA==",
      "requires": {
        "@discordjs/collection": "^0.1.5",
        "axios": "^0.19.2",
        "ws": "^7.2.1"
      }
    },
    "@top-gg/sdk": {
      "version": "3.1.2",
      "resolved": "https://registry.npmjs.org/@top-gg/sdk/-/sdk-3.1.2.tgz",
      "integrity": "sha512-k44J9lCzyER4F7CClhhP9apgTqGLQeKCy4Hop2g2357QYOAFk8YlbdJOaEFts1v0V9rIQPrWK7w2t1KI/mgzCQ==",
      "requires": {
        "node-fetch": "^2.6.1",
        "raw-body": "^2.4.1"
      }
    },
    "@types/bson": {
      "version": "4.0.5",
      "resolved": "https://registry.npmjs.org/@types/bson/-/bson-4.0.5.tgz",
      "integrity": "sha512-vVLwMUqhYJSQ/WKcE60eFqcyuWse5fGH+NMAXHuKrUAPoryq3ATxk5o4bgYNtg5aOM4APVg7Hnb3ASqUYG0PKg==",
      "requires": {
        "@types/node": "*"
      }
    },
    "@types/mongodb": {
      "version": "3.6.20",
      "resolved": "https://registry.npmjs.org/@types/mongodb/-/mongodb-3.6.20.tgz",
      "integrity": "sha512-WcdpPJCakFzcWWD9juKoZbRtQxKIMYF/JIAM4JrNHrMcnJL6/a2NWjXxW7fo9hxboxxkg+icff8d7+WIEvKgYQ==",
      "requires": {
        "@types/bson": "*",
        "@types/node": "*"
      }
    },
    "@types/node": {
      "version": "16.4.8",
      "resolved": "https://registry.npmjs.org/@types/node/-/node-16.4.8.tgz",
      "integrity": "sha512-VL7RZyCpfYEmbyd3/Eq5RNYhZt7yoL1JThZQ3KzimzhLya2Qa86U1ZZmioNWAAjiz99z1ED1xF9NUV2srvfVrA=="
    },
    "abort-controller": {
      "version": "3.0.0",
      "resolved": "https://registry.npmjs.org/abort-controller/-/abort-controller-3.0.0.tgz",
      "integrity": "sha512-h8lQ8tacZYnR3vNQTgibj+tODHI5/+l06Au2Pcriv/Gmet0eaj4TwWH41sO9wnHDiQsEj19q0drzdWdeAHtweg==",
      "requires": {
        "event-target-shim": "^5.0.0"
      }
    },
    "ascii-table": {
      "version": "0.0.9",
      "resolved": "https://registry.npmjs.org/ascii-table/-/ascii-table-0.0.9.tgz",
      "integrity": "sha1-BqZgTWpV1L9BqaR9mHLXp42jHnM="
    },
    "asynckit": {
      "version": "0.4.0",
      "resolved": "https://registry.npmjs.org/asynckit/-/asynckit-0.4.0.tgz",
      "integrity": "sha1-x57Zf380y48robyXkLzDZkdLS3k="
    },
    "axios": {
      "version": "0.19.2",
      "resolved": "https://registry.npmjs.org/axios/-/axios-0.19.2.tgz",
      "integrity": "sha512-fjgm5MvRHLhx+osE2xoekY70AhARk3a6hkN+3Io1jc00jtquGvxYlKlsFUhmUET0V5te6CcZI7lcv2Ym61mjHA==",
      "requires": {
        "follow-redirects": "1.5.10"
      }
    },
    "bl": {
      "version": "2.2.1",
      "resolved": "https://registry.npmjs.org/bl/-/bl-2.2.1.tgz",
      "integrity": "sha512-6Pesp1w0DEX1N550i/uGV/TqucVL4AM/pgThFSN/Qq9si1/DF9aIHs1BxD8V/QU0HoeHO6cQRTAuYnLPKq1e4g==",
      "requires": {
        "readable-stream": "^2.3.5",
        "safe-buffer": "^5.1.1"
      },
      "dependencies": {
        "readable-stream": {
          "version": "2.3.7",
          "resolved": "https://registry.npmjs.org/readable-stream/-/readable-stream-2.3.7.tgz",
          "integrity": "sha512-Ebho8K4jIbHAxnuxi7o42OrZgF/ZTNcsZj6nRKyUmkhLFq8CHItp/fy6hQZuZmP/n3yZ9VBUbp4zz/mX8hmYPw==",
          "requires": {
            "core-util-is": "~1.0.0",
            "inherits": "~2.0.3",
            "isarray": "~1.0.0",
            "process-nextick-args": "~2.0.0",
            "safe-buffer": "~5.1.1",
            "string_decoder": "~1.1.1",
            "util-deprecate": "~1.0.1"
          },
          "dependencies": {
            "safe-buffer": {
              "version": "5.1.2",
              "resolved": "https://registry.npmjs.org/safe-buffer/-/safe-buffer-5.1.2.tgz",
              "integrity": "sha512-Gd2UZBJDkXlY7GbJxfsE8/nvKkUEU1G38c1siN6QP6a9PT9MmHB8GnpscSmMJSoF8LOIrt8ud/wPtojys4G6+g=="
            }
          }
        },
        "string_decoder": {
          "version": "1.1.1",
          "resolved": "https://registry.npmjs.org/string_decoder/-/string_decoder-1.1.1.tgz",
          "integrity": "sha512-n/ShnvDi6FHbbVfviro+WojiFzv+s8MPMHBczVePfUpDJLwoLT0ht1l4YwBCbi8pJAveEEdnkHyPyTP/mzRfwg==",
          "requires": {
            "safe-buffer": "~5.1.0"
          },
          "dependencies": {
            "safe-buffer": {
              "version": "5.1.2",
              "resolved": "https://registry.npmjs.org/safe-buffer/-/safe-buffer-5.1.2.tgz",
              "integrity": "sha512-Gd2UZBJDkXlY7GbJxfsE8/nvKkUEU1G38c1siN6QP6a9PT9MmHB8GnpscSmMJSoF8LOIrt8ud/wPtojys4G6+g=="
            }
          }
        }
      }
    },
    "bluebird": {
      "version": "3.5.1",
      "resolved": "https://registry.npmjs.org/bluebird/-/bluebird-3.5.1.tgz",
      "integrity": "sha512-MKiLiV+I1AA596t9w1sQJ8jkiSr5+ZKi0WKrYGUn6d1Fx+Ij4tIj+m2WMQSGczs5jZVxV339chE8iwk6F64wjA=="
    },
    "bson": {
      "version": "1.1.6",
      "resolved": "https://registry.npmjs.org/bson/-/bson-1.1.6.tgz",
      "integrity": "sha512-EvVNVeGo4tHxwi8L6bPj3y3itEvStdwvvlojVxxbyYfoaxJ6keLgrTuKdyfEAszFK+H3olzBuafE0yoh0D1gdg=="
    },
    "byte-size": {
      "version": "7.0.1",
      "resolved": "https://registry.npmjs.org/byte-size/-/byte-size-7.0.1.tgz",
      "integrity": "sha512-crQdqyCwhokxwV1UyDzLZanhkugAgft7vt0qbbdt60C6Zf3CAiGmtUCylbtYwrU6loOUw3euGrNtW1J651ot1A=="
    },
    "bytes": {
      "version": "3.1.0",
      "resolved": "https://registry.npmjs.org/bytes/-/bytes-3.1.0.tgz",
      "integrity": "sha512-zauLjrfCG+xvoyaqLoV8bLVXXNGC4JqlxFCutSDWA6fJrTo2ZuvLYTqZ7aHBLZSMOopbzwv8f+wZcVzfVTI2Dg=="
    },
    "combined-stream": {
      "version": "1.0.8",
      "resolved": "https://registry.npmjs.org/combined-stream/-/combined-stream-1.0.8.tgz",
      "integrity": "sha512-FQN4MRfuJeHf7cBbBMJFXhKSDq+2kAArBlmRBvcvFE5BB1HZKXtSFASDhdlz9zOYwxh8lDdnvmMOe/+5cdoEdg==",
      "requires": {
        "delayed-stream": "~1.0.0"
      }
    },
    "core-util-is": {
      "version": "1.0.2",
      "resolved": "https://registry.npmjs.org/core-util-is/-/core-util-is-1.0.2.tgz",
      "integrity": "sha1-tf1UIgqivFq1eqtxQMlAdUUDwac="
    },
    "cpu-stat": {
      "version": "2.0.1",
      "resolved": "https://registry.npmjs.org/cpu-stat/-/cpu-stat-2.0.1.tgz",
      "integrity": "sha1-UB6NbdLUTO9dhCk5w40YIsB4/Kw="
    },
    "cross-fetch": {
      "version": "3.1.4",
      "resolved": "https://registry.npmjs.org/cross-fetch/-/cross-fetch-3.1.4.tgz",
      "integrity": "sha512-1eAtFWdIubi6T4XPy6ei9iUFoKpUkIF971QLN8lIvvvwueI65+Nw5haMNKUwfJxabqlIIDODJKGrQ66gxC0PbQ==",
      "requires": {
        "node-fetch": "2.6.1"
      }
    },
    "debug": {
      "version": "3.1.0",
      "resolved": "https://registry.npmjs.org/debug/-/debug-3.1.0.tgz",
      "integrity": "sha512-OX8XqP7/1a9cqkxYw2yXss15f26NKWBpDXQd0/uK/KPqdQhxbPa994hnzjcE2VqQpDslf55723cKPUOGSmMY3g==",
      "requires": {
        "ms": "2.0.0"
      },
      "dependencies": {
        "ms": {
          "version": "2.0.0",
          "resolved": "https://registry.npmjs.org/ms/-/ms-2.0.0.tgz",
          "integrity": "sha1-VgiurfwAvmwpAd9fmGF4jeDVl8g="
        }
      }
    },
    "delay": {
      "version": "5.0.0",
      "resolved": "https://registry.npmjs.org/delay/-/delay-5.0.0.tgz",
      "integrity": "sha512-ReEBKkIfe4ya47wlPYf/gu5ib6yUG0/Aez0JQZQz94kiWtRQvZIQbTiehsnwHvLSWJnQdhVeqYue7Id1dKr0qw=="
    },
    "delayed-stream": {
      "version": "1.0.0",
      "resolved": "https://registry.npmjs.org/delayed-stream/-/delayed-stream-1.0.0.tgz",
      "integrity": "sha1-3zrhmayt+31ECqrgsp4icrJOxhk="
    },
    "denque": {
      "version": "1.5.0",
      "resolved": "https://registry.npmjs.org/denque/-/denque-1.5.0.tgz",
      "integrity": "sha512-CYiCSgIF1p6EUByQPlGkKnP1M9g0ZV3qMIrqMqZqdwazygIA/YP2vrbcyl1h/WppKJTdl1F85cXIle+394iDAQ=="
    },
    "depd": {
      "version": "1.1.2",
      "resolved": "https://registry.npmjs.org/depd/-/depd-1.1.2.tgz",
      "integrity": "sha1-m81S4UwJd2PnSbJ0xDRu0uVgtak="
    },
    "discord.js": {
      "version": "12.5.3",
      "resolved": "https://registry.npmjs.org/discord.js/-/discord.js-12.5.3.tgz",
      "integrity": "sha512-D3nkOa/pCkNyn6jLZnAiJApw2N9XrIsXUAdThf01i7yrEuqUmDGc7/CexVWwEcgbQR97XQ+mcnqJpmJ/92B4Aw==",
      "requires": {
        "@discordjs/collection": "^0.1.6",
        "@discordjs/form-data": "^3.0.1",
        "abort-controller": "^3.0.0",
        "node-fetch": "^2.6.1",
        "prism-media": "^1.2.9",
        "setimmediate": "^1.0.5",
        "tweetnacl": "^1.0.3",
        "ws": "^7.4.4"
      }
    },
    "dom-serializer": {
      "version": "0.2.2",
      "resolved": "https://registry.npmjs.org/dom-serializer/-/dom-serializer-0.2.2.tgz",
      "integrity": "sha512-2/xPb3ORsQ42nHYiSunXkDjPLBaEj/xTwUO4B7XCZQTRk7EBtTOPaygh10YAAh2OI1Qrp6NWfpAhzswj0ydt9g==",
      "requires": {
        "domelementtype": "^2.0.1",
        "entities": "^2.0.0"
      },
      "dependencies": {
        "domelementtype": {
          "version": "2.2.0",
          "resolved": "https://registry.npmjs.org/domelementtype/-/domelementtype-2.2.0.tgz",
          "integrity": "sha512-DtBMo82pv1dFtUmHyr48beiuq792Sxohr+8Hm9zoxklYPfa6n0Z3Byjj2IV7bmr2IyqClnqEQhfgHJJ5QF0R5A=="
        },
        "entities": {
          "version": "2.2.0",
          "resolved": "https://registry.npmjs.org/entities/-/entities-2.2.0.tgz",
          "integrity": "sha512-p92if5Nz619I0w+akJrLZH0MX0Pb5DX39XOwQTtXSdQQOaYH03S1uIQp4mhOZtAXrxq4ViO67YTiLBo2638o9A=="
        }
      }
    },
    "domelementtype": {
      "version": "1.3.1",
      "resolved": "https://registry.npmjs.org/domelementtype/-/domelementtype-1.3.1.tgz",
      "integrity": "sha512-BSKB+TSpMpFI/HOxCNr1O8aMOTZ8hT3pM3GQ0w/mWRmkhEDSFJkkyzz4XQsBV44BChwGkrDfMyjVD0eA2aFV3w=="
    },
    "domhandler": {
      "version": "2.4.2",
      "resolved": "https://registry.npmjs.org/domhandler/-/domhandler-2.4.2.tgz",
      "integrity": "sha512-JiK04h0Ht5u/80fdLMCEmV4zkNh2BcoMFBmZ/91WtYZ8qVXSKjiw7fXMgFPnHcSZgOo3XdinHvmnDUeMf5R4wA==",
      "requires": {
        "domelementtype": "1"
      }
    },
    "domutils": {
      "version": "1.7.0",
      "resolved": "https://registry.npmjs.org/domutils/-/domutils-1.7.0.tgz",
      "integrity": "sha512-Lgd2XcJ/NjEw+7tFvfKxOzCYKZsdct5lczQ2ZaQY8Djz7pfAD3Gbp8ySJWtreII/vDlMVmxwa6pHmdxIYgttDg==",
      "requires": {
        "dom-serializer": "0",
        "domelementtype": "1"
      }
    },
    "encoding": {
      "version": "0.1.13",
      "resolved": "https://registry.npmjs.org/encoding/-/encoding-0.1.13.tgz",
      "integrity": "sha512-ETBauow1T35Y/WZMkio9jiM0Z5xjHHmJ4XmjZOq1l/dXz3lr2sRn87nJy20RupqSh1F2m3HHPSp8ShIPQJrJ3A==",
      "requires": {
        "iconv-lite": "^0.6.2"
      },
      "dependencies": {
        "iconv-lite": {
          "version": "0.6.3",
          "resolved": "https://registry.npmjs.org/iconv-lite/-/iconv-lite-0.6.3.tgz",
          "integrity": "sha512-4fCk79wshMdzMp2rH06qWrJE4iolqLhCUH+OiuIgU++RB0+94NlDL81atO7GX55uUKueo0txHNtvEyI6D7WdMw==",
          "requires": {
            "safer-buffer": ">= 2.1.2 < 3.0.0"
          }
        }
      }
    },
    "entities": {
      "version": "1.1.2",
      "resolved": "https://registry.npmjs.org/entities/-/entities-1.1.2.tgz",
      "integrity": "sha512-f2LZMYl1Fzu7YSBKg+RoROelpOaNrcGmE9AZubeDfrCEia483oW4MI4VyFd5VNHIgQ/7qm1I0wUHK1eJnn2y2w=="
    },
    "erela.js": {
      "version": "2.3.3",
      "resolved": "https://registry.npmjs.org/erela.js/-/erela.js-2.3.3.tgz",
      "integrity": "sha512-tzowGHLSodZr2j311csFSqm9lwE6plqeULTAwPwuRX9PQbXg4Ohdy/3MTMWrltiFAMSIG/5r9GQtTUt9Mqzhhw==",
      "requires": {
        "@discordjs/collection": "^0.1.6",
        "petitio": "^1.1.0",
        "ws": "^7.3.1"
      }
    },
    "erela.js-deezer": {
      "version": "1.0.7",
      "resolved": "https://registry.npmjs.org/erela.js-deezer/-/erela.js-deezer-1.0.7.tgz",
      "integrity": "sha512-14dlDL0bhNZprGFnueqyBNzBzOAvoNK02EIjNvPtpjX0WbUOmToaVp+h+Kqev4uaIfjZ5vl3kNFvP9HpmTurAw==",
      "requires": {
        "axios": "^0.21.1",
        "erela.js": "^2.3.3"
      },
      "dependencies": {
        "axios": {
          "version": "0.21.1",
          "resolved": "https://registry.npmjs.org/axios/-/axios-0.21.1.tgz",
          "integrity": "sha512-dKQiRHxGD9PPRIUNIWvZhPTPpl1rf/OxTYKsqKUDjBwYylTvV7SjSHJb9ratfyzM6wCdLCOYLzs73qpg5c4iGA==",
          "requires": {
            "follow-redirects": "^1.10.0"
          }
        },
        "follow-redirects": {
          "version": "1.14.1",
          "resolved": "https://registry.npmjs.org/follow-redirects/-/follow-redirects-1.14.1.tgz",
          "integrity": "sha512-HWqDgT7ZEkqRzBvc2s64vSZ/hfOceEol3ac/7tKwzuvEyWx3/4UegXh5oBOIotkGsObyk3xznnSRVADBgWSQVg=="
        }
      }
    },
    "erela.js-spotify": {
      "version": "1.2.0",
      "resolved": "https://registry.npmjs.org/erela.js-spotify/-/erela.js-spotify-1.2.0.tgz",
      "integrity": "sha512-FbkdVK7OquVzyNVl4aZ3AU6RHRrHzBpORGorK5q+L26y3hB/7ze9mQ7uiOa5PsskskELRWepoluqke3U8edbmQ==",
      "requires": {
        "axios": "^0.20.0",
        "erela.js": "^2.2.0"
      },
      "dependencies": {
        "axios": {
          "version": "0.20.0",
          "resolved": "https://registry.npmjs.org/axios/-/axios-0.20.0.tgz",
          "integrity": "sha512-ANA4rr2BDcmmAQLOKft2fufrtuvlqR+cXNNinUmvfeSNCOF98PZL+7M/v1zIdGo7OLjEA9J2gXJL+j4zGsl0bA==",
          "requires": {
            "follow-redirects": "^1.10.0"
          }
        },
        "follow-redirects": {
          "version": "1.14.1",
          "resolved": "https://registry.npmjs.org/follow-redirects/-/follow-redirects-1.14.1.tgz",
          "integrity": "sha512-HWqDgT7ZEkqRzBvc2s64vSZ/hfOceEol3ac/7tKwzuvEyWx3/4UegXh5oBOIotkGsObyk3xznnSRVADBgWSQVg=="
        }
      }
    },
    "event-target-shim": {
      "version": "5.0.1",
      "resolved": "https://registry.npmjs.org/event-target-shim/-/event-target-shim-5.0.1.tgz",
      "integrity": "sha512-i/2XbnSz/uxRCU6+NdVJgKWDTM427+MqYbkQzD321DuCQJUqOuJKIA0IM2+W2xtYHdKOmZ4dR6fExsd4SXL+WQ=="
    },
    "follow-redirects": {
      "version": "1.5.10",
      "resolved": "https://registry.npmjs.org/follow-redirects/-/follow-redirects-1.5.10.tgz",
      "integrity": "sha512-0V5l4Cizzvqt5D44aTXbFZz+FtyXV1vrDN6qrelxtfYQKW0KO0W2T/hkE8xvGa/540LkZlkaUjO4ailYTFtHVQ==",
      "requires": {
        "debug": "=3.1.0"
      }
    },
    "he": {
      "version": "1.2.0",
      "resolved": "https://registry.npmjs.org/he/-/he-1.2.0.tgz",
      "integrity": "sha512-F/1DnUGPopORZi0ni+CvrCgHQ5FyEAHRLSApuYWMmrbSwoN2Mn/7k+Gl38gJnR7yyDZk6WLXwiGod1JOWNDKGw=="
    },
    "himalaya": {
      "version": "1.1.0",
      "resolved": "https://registry.npmjs.org/himalaya/-/himalaya-1.1.0.tgz",
      "integrity": "sha512-LLase1dHCRMel68/HZTFft0N0wti0epHr3nNY7ynpLbyZpmrKMQ8YIpiOV77TM97cNpC8Wb2n6f66IRggwdWPw=="
    },
    "html-to-text": {
      "version": "5.1.1",
      "resolved": "https://registry.npmjs.org/html-to-text/-/html-to-text-5.1.1.tgz",
      "integrity": "sha512-Bci6bD/JIfZSvG4s0gW/9mMKwBRoe/1RWLxUME/d6WUSZCdY7T60bssf/jFf7EYXRyqU4P5xdClVqiYU0/ypdA==",
      "requires": {
        "he": "^1.2.0",
        "htmlparser2": "^3.10.1",
        "lodash": "^4.17.11",
        "minimist": "^1.2.0"
      }
    },
    "htmlparser2": {
      "version": "3.10.1",
      "resolved": "https://registry.npmjs.org/htmlparser2/-/htmlparser2-3.10.1.tgz",
      "integrity": "sha512-IgieNijUMbkDovyoKObU1DUhm1iwNYE/fuifEoEHfd1oZKZDaONBSkal7Y01shxsM49R4XaMdGez3WnF9UfiCQ==",
      "requires": {
        "domelementtype": "^1.3.1",
        "domhandler": "^2.3.0",
        "domutils": "^1.5.1",
        "entities": "^1.1.1",
        "inherits": "^2.0.1",
        "readable-stream": "^3.1.1"
      }
    },
    "http-errors": {
      "version": "1.7.3",
      "resolved": "https://registry.npmjs.org/http-errors/-/http-errors-1.7.3.tgz",
      "integrity": "sha512-ZTTX0MWrsQ2ZAhA1cejAwDLycFsd7I7nVtnkT3Ol0aqodaKW+0CTZDQ1uBv5whptCnc8e8HeRRJxRs0kmm/Qfw==",
      "requires": {
        "depd": "~1.1.2",
        "inherits": "2.0.4",
        "setprototypeof": "1.1.1",
        "statuses": ">= 1.5.0 < 2",
        "toidentifier": "1.0.0"
      }
    },
    "iconv-lite": {
      "version": "0.4.24",
      "resolved": "https://registry.npmjs.org/iconv-lite/-/iconv-lite-0.4.24.tgz",
      "integrity": "sha512-v3MXnZAcvnywkTUEZomIActle7RXXeedOR31wwl7VlyoXO4Qi9arvSenNQWne1TcRwhCL1HwLI21bEqdpj8/rA==",
      "requires": {
        "safer-buffer": ">= 2.1.2 < 3"
      }
    },
    "inherits": {
      "version": "2.0.4",
      "resolved": "https://registry.npmjs.org/inherits/-/inherits-2.0.4.tgz",
      "integrity": "sha512-k/vGaX4/Yla3WzyMCvTQOXYeIHvqOKtnqBduzTHpzpQZzAskKMhZ2K+EnBiSM9zGSoIFeMpXKxa4dYeZIQqewQ=="
    },
    "isarray": {
      "version": "1.0.0",
      "resolved": "https://registry.npmjs.org/isarray/-/isarray-1.0.0.tgz",
      "integrity": "sha1-u5NdSFgsuhaMBoNJV6VKPgcSTxE="
    },
    "kareem": {
      "version": "2.3.2",
      "resolved": "https://registry.npmjs.org/kareem/-/kareem-2.3.2.tgz",
      "integrity": "sha512-STHz9P7X2L4Kwn72fA4rGyqyXdmrMSdxqHx9IXon/FXluXieaFA6KJ2upcHAHxQPQ0LeM/OjLrhFxifHewOALQ=="
    },
    "lodash": {
      "version": "4.17.21",
      "resolved": "https://registry.npmjs.org/lodash/-/lodash-4.17.21.tgz",
      "integrity": "sha512-v2kDEe57lecTulaDIuNTPy3Ry4gLGJ6Z1O3vE1krgXZNrsQ+LFTGHVxVjcXPs17LhbZVGedAJv8XZ1tvj5FvSg=="
    },
    "lyrics-finder": {
      "version": "21.7.0",
      "resolved": "https://registry.npmjs.org/lyrics-finder/-/lyrics-finder-21.7.0.tgz",
      "integrity": "sha512-AMaJ+MdbdemYOWM1Kxd/vzn23OD66/fdemaJWN9dU0qsxK6d09rODSphygAvaGka6mgfHaFlHN+ETHv/d60ftw==",
      "requires": {
        "encoding": "^0.1.13",
        "html-to-text": "^5.1.1",
        "node-fetch": "^2.6.0"
      }
    },
    "memory-pager": {
      "version": "1.5.0",
      "resolved": "https://registry.npmjs.org/memory-pager/-/memory-pager-1.5.0.tgz",
      "integrity": "sha512-ZS4Bp4r/Zoeq6+NLJpP+0Zzm0pR8whtGPf1XExKLJBAczGMnSi3It14OiNCStjQjM6NU1okjQGSxgEZN8eBYKg==",
      "optional": true
    },
    "mime-db": {
      "version": "1.49.0",
      "resolved": "https://registry.npmjs.org/mime-db/-/mime-db-1.49.0.tgz",
      "integrity": "sha512-CIc8j9URtOVApSFCQIF+VBkX1RwXp/oMMOrqdyXSBXq5RWNEsRfyj1kiRnQgmNXmHxPoFIxOroKA3zcU9P+nAA=="
    },
    "mime-types": {
      "version": "2.1.32",
      "resolved": "https://registry.npmjs.org/mime-types/-/mime-types-2.1.32.tgz",
      "integrity": "sha512-hJGaVS4G4c9TSMYh2n6SQAGrC4RnfU+daP8G7cSCmaqNjiOoUY0VHCMS42pxnQmVF1GWwFhbHWn3RIxCqTmZ9A==",
      "requires": {
        "mime-db": "1.49.0"
      }
    },
    "minimist": {
      "version": "1.2.5",
      "resolved": "https://registry.npmjs.org/minimist/-/minimist-1.2.5.tgz",
      "integrity": "sha512-FM9nNUYrRBAELZQT3xeZQ7fmMOBg6nWNmJKTcgsJeaLstP/UODVpGsr5OhXhhXg6f+qtJ8uiZ+PUxkDWcgIXLw=="
    },
    "mongodb": {
      "version": "3.6.10",
      "resolved": "https://registry.npmjs.org/mongodb/-/mongodb-3.6.10.tgz",
      "integrity": "sha512-fvIBQBF7KwCJnDZUnFFy4WqEFP8ibdXeFANnylW19+vOwdjOAvqIzPdsNCEMT6VKTHnYu4K64AWRih0mkFms6Q==",
      "requires": {
        "bl": "^2.2.1",
        "bson": "^1.1.4",
        "denque": "^1.4.1",
        "optional-require": "^1.0.3",
        "safe-buffer": "^5.1.2",
        "saslprep": "^1.0.0"
      }
    },
    "mongoose": {
      "version": "5.13.5",
      "resolved": "https://registry.npmjs.org/mongoose/-/mongoose-5.13.5.tgz",
      "integrity": "sha512-sSUAk9GWgA8r3w3nVNrNjBaDem86aevwXO8ltDMKzCf+rjnteMMQkXHQdn1ePkt7alROEPZYCAjiRjptWRSPiQ==",
      "requires": {
        "@types/mongodb": "^3.5.27",
        "bson": "^1.1.4",
        "kareem": "2.3.2",
        "mongodb": "3.6.10",
        "mongoose-legacy-pluralize": "1.0.2",
        "mpath": "0.8.3",
        "mquery": "3.2.5",
        "ms": "2.1.2",
        "optional-require": "1.0.x",
        "regexp-clone": "1.0.0",
        "safe-buffer": "5.2.1",
        "sift": "13.5.2",
        "sliced": "1.0.1"
      },
      "dependencies": {
        "ms": {
          "version": "2.1.2",
          "resolved": "https://registry.npmjs.org/ms/-/ms-2.1.2.tgz",
          "integrity": "sha512-sGkPx+VjMtmA6MX27oA4FBFELFCZZ4S4XqeGOXCv68tT+jb3vk/RyaKWP0PTKyWtmLSM0b+adUTEvbs1PEaH2w=="
        }
      }
    },
    "mongoose-legacy-pluralize": {
      "version": "1.0.2",
      "resolved": "https://registry.npmjs.org/mongoose-legacy-pluralize/-/mongoose-legacy-pluralize-1.0.2.tgz",
      "integrity": "sha512-Yo/7qQU4/EyIS8YDFSeenIvXxZN+ld7YdV9LqFVQJzTLye8unujAWPZ4NWKfFA+RNjh+wvTWKY9Z3E5XM6ZZiQ=="
    },
    "mpath": {
      "version": "0.8.3",
      "resolved": "https://registry.npmjs.org/mpath/-/mpath-0.8.3.tgz",
      "integrity": "sha512-eb9rRvhDltXVNL6Fxd2zM9D4vKBxjVVQNLNijlj7uoXUy19zNDsIif5zR+pWmPCWNKwAtqyo4JveQm4nfD5+eA=="
    },
    "mquery": {
      "version": "3.2.5",
      "resolved": "https://registry.npmjs.org/mquery/-/mquery-3.2.5.tgz",
      "integrity": "sha512-VjOKHHgU84wij7IUoZzFRU07IAxd5kWJaDmyUzQlbjHjyoeK5TNeeo8ZsFDtTYnSgpW6n/nMNIHvE3u8Lbrf4A==",
      "requires": {
        "bluebird": "3.5.1",
        "debug": "3.1.0",
        "regexp-clone": "^1.0.0",
        "safe-buffer": "5.1.2",
        "sliced": "1.0.1"
      },
      "dependencies": {
        "safe-buffer": {
          "version": "5.1.2",
          "resolved": "https://registry.npmjs.org/safe-buffer/-/safe-buffer-5.1.2.tgz",
          "integrity": "sha512-Gd2UZBJDkXlY7GbJxfsE8/nvKkUEU1G38c1siN6QP6a9PT9MmHB8GnpscSmMJSoF8LOIrt8ud/wPtojys4G6+g=="
        }
      }
    },
    "ms": {
      "version": "2.1.3",
      "resolved": "https://registry.npmjs.org/ms/-/ms-2.1.3.tgz",
      "integrity": "sha512-6FlzubTLZG3J2a/NVCAleEhjzq5oxgHyaCU9yYXvcLsvoVaHJq/s5xXI6/XXP6tz7R9xAOtHnSO/tXtF3WRTlA=="
    },
    "music-progress-bar": {
      "version": "1.0.4",
      "resolved": "https://registry.npmjs.org/music-progress-bar/-/music-progress-bar-1.0.4.tgz",
      "integrity": "sha512-W7sKCO91CYcU22yVECN1D+/bjtxVjaLTqnT4eWksGzfu6g4VzF5d5VtIDB1NqnxZRYNmcpcmcLN0KR9Y695loQ=="
    },
    "node-fetch": {
      "version": "2.6.1",
      "resolved": "https://registry.npmjs.org/node-fetch/-/node-fetch-2.6.1.tgz",
      "integrity": "sha512-V4aYg89jEoVRxRb2fJdAg8FHvI7cEyYdVAh94HH0UIK8oJxUfkjlDQN9RbMx+bEjP7+ggMiFRprSti032Oipxw=="
    },
    "optional-require": {
      "version": "1.0.3",
      "resolved": "https://registry.npmjs.org/optional-require/-/optional-require-1.0.3.tgz",
      "integrity": "sha512-RV2Zp2MY2aeYK5G+B/Sps8lW5NHAzE5QClbFP15j+PWmP+T9PxlJXBOOLoSAdgwFvS4t0aMR4vpedMkbHfh0nA=="
    },
    "os-utils": {
      "version": "0.0.14",
      "resolved": "https://registry.npmjs.org/os-utils/-/os-utils-0.0.14.tgz",
      "integrity": "sha1-KeURaXsZgrjGJ3Ihdf45eX72QVY="
    },
    "petitio": {
      "version": "1.3.2",
      "resolved": "https://registry.npmjs.org/petitio/-/petitio-1.3.2.tgz",
      "integrity": "sha512-hbbT+rOvovz39ZneGW+C8B4YsKH20KLXYVDT/IzSUxaY8H7al/TO+vFCm+H5cnYe62gIqF9ak5p8OJktV/I0Ig=="
    },
    "prism-media": {
      "version": "1.3.1",
      "resolved": "https://registry.npmjs.org/prism-media/-/prism-media-1.3.1.tgz",
      "integrity": "sha512-nyYAa3KB4qteJIqdguKmwxTJgy55xxUtkJ3uRnOvO5jO+frci+9zpRXw6QZVcfDeva3S654fU9+26P2OSTzjHw=="
    },
    "process-nextick-args": {
      "version": "2.0.1",
      "resolved": "https://registry.npmjs.org/process-nextick-args/-/process-nextick-args-2.0.1.tgz",
      "integrity": "sha512-3ouUOpQhtgrbOa17J7+uxOTpITYWaGP7/AhoR3+A+/1e9skrzelGi/dXzEYyvbxubEF6Wn2ypscTKiKJFFn1ag=="
    },
    "quickmongo": {
      "version": "3.0.2",
      "resolved": "https://registry.npmjs.org/quickmongo/-/quickmongo-3.0.2.tgz",
      "integrity": "sha512-85k/2RKmwH0jk96RObuHYk+KQErTonhM1Mod6HpF0uadPobth8Cv+Pue3RK+YiBFgpKppsEodPTZgQVC/+qzvQ==",
      "requires": {
        "lodash": "^4.17.21",
        "mongoose": "5.11.15"
      },
      "dependencies": {
        "mongodb": {
          "version": "3.6.3",
          "resolved": "https://registry.npmjs.org/mongodb/-/mongodb-3.6.3.tgz",
          "integrity": "sha512-rOZuR0QkodZiM+UbQE5kDsJykBqWi0CL4Ec2i1nrGrUI3KO11r6Fbxskqmq3JK2NH7aW4dcccBuUujAP0ERl5w==",
          "requires": {
            "bl": "^2.2.1",
            "bson": "^1.1.4",
            "denque": "^1.4.1",
            "require_optional": "^1.0.1",
            "safe-buffer": "^5.1.2",
            "saslprep": "^1.0.0"
          }
        },
        "mongoose": {
          "version": "5.11.15",
          "resolved": "https://registry.npmjs.org/mongoose/-/mongoose-5.11.15.tgz",
          "integrity": "sha512-8T4bT6eCGB7MqCm40oVhnhT/1AyAdwe+y1rYUhdl3ljsks3BpYz8whZgcMkIoh6VoCCjipOXRqZqdk1UByvlYA==",
          "requires": {
            "@types/mongodb": "^3.5.27",
            "bson": "^1.1.4",
            "kareem": "2.3.2",
            "mongodb": "3.6.3",
            "mongoose-legacy-pluralize": "1.0.2",
            "mpath": "0.8.3",
            "mquery": "3.2.3",
            "ms": "2.1.2",
            "regexp-clone": "1.0.0",
            "safe-buffer": "5.2.1",
            "sift": "7.0.1",
            "sliced": "1.0.1"
          }
        },
        "mquery": {
          "version": "3.2.3",
          "resolved": "https://registry.npmjs.org/mquery/-/mquery-3.2.3.tgz",
          "integrity": "sha512-cIfbP4TyMYX+SkaQ2MntD+F2XbqaBHUYWk3j+kqdDztPWok3tgyssOZxMHMtzbV1w9DaSlvEea0Iocuro41A4g==",
          "requires": {
            "bluebird": "3.5.1",
            "debug": "3.1.0",
            "regexp-clone": "^1.0.0",
            "safe-buffer": "5.1.2",
            "sliced": "1.0.1"
          },
          "dependencies": {
            "safe-buffer": {
              "version": "5.1.2",
              "resolved": "https://registry.npmjs.org/safe-buffer/-/safe-buffer-5.1.2.tgz",
              "integrity": "sha512-Gd2UZBJDkXlY7GbJxfsE8/nvKkUEU1G38c1siN6QP6a9PT9MmHB8GnpscSmMJSoF8LOIrt8ud/wPtojys4G6+g=="
            }
          }
        },
        "ms": {
          "version": "2.1.2",
          "resolved": "https://registry.npmjs.org/ms/-/ms-2.1.2.tgz",
          "integrity": "sha512-sGkPx+VjMtmA6MX27oA4FBFELFCZZ4S4XqeGOXCv68tT+jb3vk/RyaKWP0PTKyWtmLSM0b+adUTEvbs1PEaH2w=="
        },
        "sift": {
          "version": "7.0.1",
          "resolved": "https://registry.npmjs.org/sift/-/sift-7.0.1.tgz",
          "integrity": "sha512-oqD7PMJ+uO6jV9EQCl0LrRw1OwsiPsiFQR5AR30heR+4Dl7jBBbDLnNvWiak20tzZlSE1H7RB30SX/1j/YYT7g=="
        }
      }
    },
    "radio-browser": {
      "version": "2.1.7",
      "resolved": "https://registry.npmjs.org/radio-browser/-/radio-browser-2.1.7.tgz",
      "integrity": "sha512-xUdg4Fok7IVkWwuJzHnddXrmK5/fP7IzKSneqJcvZQOTYFLX+bJR5ofxWt1UhFZv2T+fOPOfJNN/4DAB48mWlw=="
    },
    "raw-body": {
      "version": "2.4.1",
      "resolved": "https://registry.npmjs.org/raw-body/-/raw-body-2.4.1.tgz",
      "integrity": "sha512-9WmIKF6mkvA0SLmA2Knm9+qj89e+j1zqgyn8aXGd7+nAduPoqgI9lO57SAZNn/Byzo5P7JhXTyg9PzaJbH73bA==",
      "requires": {
        "bytes": "3.1.0",
        "http-errors": "1.7.3",
        "iconv-lite": "0.4.24",
        "unpipe": "1.0.0"
      }
    },
    "readable-stream": {
      "version": "3.6.0",
      "resolved": "https://registry.npmjs.org/readable-stream/-/readable-stream-3.6.0.tgz",
      "integrity": "sha512-BViHy7LKeTz4oNnkcLJ+lVSL6vpiFeX6/d3oSH8zCW7UxP2onchk+vTGB143xuFjHS3deTgkKoXXymXqymiIdA==",
      "requires": {
        "inherits": "^2.0.3",
        "string_decoder": "^1.1.1",
        "util-deprecate": "^1.0.1"
      }
    },
    "regexp-clone": {
      "version": "1.0.0",
      "resolved": "https://registry.npmjs.org/regexp-clone/-/regexp-clone-1.0.0.tgz",
      "integrity": "sha512-TuAasHQNamyyJ2hb97IuBEif4qBHGjPHBS64sZwytpLEqtBQ1gPJTnOaQ6qmpET16cK14kkjbazl6+p0RRv0yw=="
    },
    "require_optional": {
      "version": "1.0.1",
      "resolved": "https://registry.npmjs.org/require_optional/-/require_optional-1.0.1.tgz",
      "integrity": "sha512-qhM/y57enGWHAe3v/NcwML6a3/vfESLe/sGM2dII+gEO0BpKRUkWZow/tyloNqJyN6kXSl3RyyM8Ll5D/sJP8g==",
      "requires": {
        "resolve-from": "^2.0.0",
        "semver": "^5.1.0"
      }
    },
    "resolve-from": {
      "version": "2.0.0",
      "resolved": "https://registry.npmjs.org/resolve-from/-/resolve-from-2.0.0.tgz",
      "integrity": "sha1-lICrIOlP+h2egKgEx+oUdhGWa1c="
    },
    "safe-buffer": {
      "version": "5.2.1",
      "resolved": "https://registry.npmjs.org/safe-buffer/-/safe-buffer-5.2.1.tgz",
      "integrity": "sha512-rp3So07KcdmmKbGvgaNxQSJr7bGVSVk5S9Eq1F+ppbRo70+YeaDxkw5Dd8NPN+GD6bjnYm2VuPuCXmpuYvmCXQ=="
    },
    "safer-buffer": {
      "version": "2.1.2",
      "resolved": "https://registry.npmjs.org/safer-buffer/-/safer-buffer-2.1.2.tgz",
      "integrity": "sha512-YZo3K82SD7Riyi0E1EQPojLz7kpepnSQI9IyPbHHg1XXXevb5dJI7tpyN2ADxGcQbHG7vcyRHk0cbwqcQriUtg=="
    },
    "saslprep": {
      "version": "1.0.3",
      "resolved": "https://registry.npmjs.org/saslprep/-/saslprep-1.0.3.tgz",
      "integrity": "sha512-/MY/PEMbk2SuY5sScONwhUDsV2p77Znkb/q3nSVstq/yQzYJOH/Azh29p9oJLsl3LnQwSvZDKagDGBsBwSooag==",
      "optional": true,
      "requires": {
        "sparse-bitfield": "^3.0.3"
      }
    },
    "semver": {
      "version": "5.7.1",
      "resolved": "https://registry.npmjs.org/semver/-/semver-5.7.1.tgz",
      "integrity": "sha512-sauaDf/PZdVgrLTNYHRtpXa1iRiKcaebiKQ1BJdpQlWH2lCvexQdX55snPFyK7QzpudqbCI0qXFfOasHdyNDGQ=="
    },
    "setimmediate": {
      "version": "1.0.5",
      "resolved": "https://registry.npmjs.org/setimmediate/-/setimmediate-1.0.5.tgz",
      "integrity": "sha1-KQy7Iy4waULX1+qbg3Mqt4VvgoU="
    },
    "setprototypeof": {
      "version": "1.1.1",
      "resolved": "https://registry.npmjs.org/setprototypeof/-/setprototypeof-1.1.1.tgz",
      "integrity": "sha512-JvdAWfbXeIGaZ9cILp38HntZSFSo3mWg6xGcJJsd+d4aRMOqauag1C63dJfDw7OaMYwEbHMOxEZ1lqVRYP2OAw=="
    },
    "sift": {
      "version": "13.5.2",
      "resolved": "https://registry.npmjs.org/sift/-/sift-13.5.2.tgz",
      "integrity": "sha512-+gxdEOMA2J+AI+fVsCqeNn7Tgx3M9ZN9jdi95939l1IJ8cZsqS8sqpJyOkic2SJk+1+98Uwryt/gL6XDaV+UZA=="
    },
    "sliced": {
      "version": "1.0.1",
      "resolved": "https://registry.npmjs.org/sliced/-/sliced-1.0.1.tgz",
      "integrity": "sha1-CzpmK10Ewxd7GSa+qCsD+Dei70E="
    },
    "sparse-bitfield": {
      "version": "3.0.3",
      "resolved": "https://registry.npmjs.org/sparse-bitfield/-/sparse-bitfield-3.0.3.tgz",
      "integrity": "sha1-/0rm5oZWBWuks+eSqzM004JzyhE=",
      "optional": true,
      "requires": {
        "memory-pager": "^1.0.2"
      }
    },
    "spotify-uri": {
      "version": "2.2.0",
      "resolved": "https://registry.npmjs.org/spotify-uri/-/spotify-uri-2.2.0.tgz",
      "integrity": "sha512-uUybj02bfyfCoZ0MJ80MkqbKxtIVRJfbRGk05KJFq1li3zb7yNfN1f+TAw4wcXgp7jLWExeiw2wyPQXZ8PHtfg=="
    },
    "spotify-url-info": {
      "version": "2.2.3",
      "resolved": "https://registry.npmjs.org/spotify-url-info/-/spotify-url-info-2.2.3.tgz",
      "integrity": "sha512-cZTE5nOnaAjIiaHG9psVYqKXWOlNUIgSU2e+bNInRaYZNgmVgOcKH0D7V1nSER3gv3h5BXvOo0EJTtrMQQo1bA==",
      "requires": {
        "cross-fetch": "~3.1.4",
        "himalaya": "~1.1.0",
        "spotify-uri": "~2.2.0"
      }
    },
    "statuses": {
      "version": "1.5.0",
      "resolved": "https://registry.npmjs.org/statuses/-/statuses-1.5.0.tgz",
      "integrity": "sha1-Fhx9rBd2Wf2YEfQ3cfqZOBR4Yow="
    },
    "string_decoder": {
      "version": "1.3.0",
      "resolved": "https://registry.npmjs.org/string_decoder/-/string_decoder-1.3.0.tgz",
      "integrity": "sha512-hkRX8U1WjJFd8LsDJ2yQ/wWWxaopEsABU1XfkM8A+j0+85JAGppt16cr1Whg6KIbb4okU6Mql6BOj+uup/wKeA==",
      "requires": {
        "safe-buffer": "~5.2.0"
      }
    },
    "systeminformation": {
      "version": "5.7.13",
      "resolved": "https://registry.npmjs.org/systeminformation/-/systeminformation-5.7.13.tgz",
      "integrity": "sha512-yGzRLLdZ4xR37+3WM89rFG1zEQ10BqefeCv0YUfXp26bZGPoZtGQt/IEtIa40i1VmGBMGFTQCVClZ7/optxtvw=="
    },
    "toidentifier": {
      "version": "1.0.0",
      "resolved": "https://registry.npmjs.org/toidentifier/-/toidentifier-1.0.0.tgz",
      "integrity": "sha512-yaOH/Pk/VEhBWWTlhI+qXxDFXlejDGcQipMlyxda9nthulaxLZUNcUqFxokp0vcYnvteJln5FNQDRrxj3YcbVw=="
    },
    "tweetnacl": {
      "version": "1.0.3",
      "resolved": "https://registry.npmjs.org/tweetnacl/-/tweetnacl-1.0.3.tgz",
      "integrity": "sha512-6rt+RN7aOi1nGMyC4Xa5DdYiukl2UWCbcJft7YhxReBGQD7OAM8Pbxw6YMo4r2diNEA8FEmu32YOn9rhaiE5yw=="
    },
    "unpipe": {
      "version": "1.0.0",
      "resolved": "https://registry.npmjs.org/unpipe/-/unpipe-1.0.0.tgz",
      "integrity": "sha1-sr9O6FFKrmFltIF4KdIbLvSZBOw="
    },
    "util-deprecate": {
      "version": "1.0.2",
      "resolved": "https://registry.npmjs.org/util-deprecate/-/util-deprecate-1.0.2.tgz",
      "integrity": "sha1-RQ1Nyfpw3nMnYvvS1KKJgUGaDM8="
    },
    "ws": {
      "version": "7.5.3",
      "resolved": "https://registry.npmjs.org/ws/-/ws-7.5.3.tgz",
      "integrity": "sha512-kQ/dHIzuLrS6Je9+uv81ueZomEwH0qVYstcAQ4/Z93K8zeko9gtAbttJWzoC5ukqXY1PpoouV3+VSOqEAFt5wg=="
    }
  }
}
